{
  "lockfileVersion": 1,
  "configVersion": 1,
  "workspaces": {
    "": {
      "name": "@kjanat/svg-grammars",
      "devDependencies": {
        "@biomejs/biome": "catalog:",
        "@types/deno": "catalog:",
        "runner-run": "catalog:",
        "tree-sitter": "catalog:",
      },
    },
    "grammars/tree-sitter-svg": {
      "name": "tree-sitter-svg",
      "version": "0.1.0",
      "dependencies": {
        "node-addon-api": "catalog:",
        "node-gyp-build": "catalog:",
      },
      "devDependencies": {
        "@biomejs/biome": "catalog:",
        "@types/bun": "catalog:",
        "dprint": "catalog:",
        "node-gyp": "catalog:",
        "prebuildify": "catalog:",
        "runner-run": "catalog:",
        "tree-sitter": "catalog:",
        "tree-sitter-cli": "catalog:",
        "typescript": "catalog:",
      },
      "peerDependencies": {
        "tree-sitter": "catalog:",
      },
      "optionalPeers": [
        "tree-sitter",
      ],
    },
    "grammars/tree-sitter-svg-paint": {
      "name": "tree-sitter-svg-paint",
      "version": "0.0.1",
      "dependencies": {
        "node-addon-api": "catalog:",
        "node-gyp-build": "catalog:",
      },
      "devDependencies": {
        "@biomejs/biome": "catalog:",
        "@types/bun": "catalog:",
        "dprint": "catalog:",
        "node-gyp": "catalog:",
        "prebuildify": "catalog:",
        "runner-run": "catalog:",
        "tree-sitter": "catalog:",
        "tree-sitter-cli": "catalog:",
        "typescript": "catalog:",
      },
      "peerDependencies": {
        "tree-sitter": "catalog:",
      },
      "optionalPeers": [
        "tree-sitter",
      ],
    },
    "grammars/tree-sitter-svg-path": {
      "name": "tree-sitter-svg-path",
      "version": "0.0.1",
      "dependencies": {
        "node-addon-api": "catalog:",
        "node-gyp-build": "catalog:",
      },
      "devDependencies": {
        "@biomejs/biome": "catalog:",
        "@types/bun": "catalog:",
        "dprint": "catalog:",
        "node-gyp": "catalog:",
        "prebuildify": "catalog:",
        "runner-run": "catalog:",
        "tree-sitter": "catalog:",
        "tree-sitter-cli": "catalog:",
        "typescript": "catalog:",
      },
      "peerDependencies": {
        "tree-sitter": "catalog:",
      },
      "optionalPeers": [
        "tree-sitter",
      ],
    },
    "grammars/tree-sitter-svg-transform": {
      "name": "tree-sitter-svg-transform",
      "version": "0.0.1",
      "dependencies": {
        "node-addon-api": "catalog:",
        "node-gyp-build": "catalog:",
      },
      "devDependencies": {
        "@biomejs/biome": "catalog:",
        "@types/bun": "catalog:",
        "dprint": "catalog:",
        "node-gyp": "catalog:",
        "prebuildify": "catalog:",
        "runner-run": "catalog:",
        "tree-sitter": "catalog:",
        "tree-sitter-cli": "catalog:",
        "typescript": "catalog:",
      },
      "peerDependencies": {
        "tree-sitter": "catalog:",
      },
      "optionalPeers": [
        "tree-sitter",
      ],
    },
    "scripts": {
      "name": "scripts",
      "devDependencies": {
        "@types/bun": "catalog:",
        "typescript": "catalog:",
      },
    },
  },
  "patchedDependencies": {
    "tree-sitter@0.25.0": "patches/tree-sitter@0.25.0.patch",
  },
  "catalog": {
    "@biomejs/biome": "^2.5",
    "@types/bun": "^1.3",
    "@types/deno": "^2.7.0",
    "dprint": "^0.54",
    "node-addon-api": "^8.8",
    "node-gyp": "^13",
    "node-gyp-build": "^4.8",
    "prebuildify": "^6",
    "runner-run": "^0.14",
    "tree-sitter": "^0.25.0",
    "tree-sitter-cli": "^0.26.9",
    "typescript": "^6",
  },
  "packages": {
    "@biomejs/biome": ["@biomejs/biome@2.5.1", "", { "optionalDependencies": { "@biomejs/cli-darwin-arm64": "2.5.1", "@biomejs/cli-darwin-x64": "2.5.1", "@biomejs/cli-linux-arm64": "2.5.1", "@biomejs/cli-linux-arm64-musl": "2.5.1", "@biomejs/cli-linux-x64": "2.5.1", "@biomejs/cli-linux-x64-musl": "2.5.1", "@biomejs/cli-win32-arm64": "2.5.1", "@biomejs/cli-win32-x64": "2.5.1" }, "bin": { "biome": "bin/biome" } }, "sha512-IXWLCxKmae+rI7LOHS1B3EbVisQ6GRAWbhN9msa6KjNCyFWrvKZWR4oUdinaNssrV852OrSHuSPa95h1GPJc7Q=="],

    "@biomejs/cli-darwin-arm64": ["@biomejs/cli-darwin-arm64@2.5.1", "", { "os": "darwin", "cpu": "arm64" }, "sha512-npqDzvqv7vFaWRiNN1Te71siRgPaqS9MpqgYCdP/CrUbkJ7ApezaeaKjueKHRN/JH/6lRjJQAHi8acQDCAz22w=="],

    "@biomejs/cli-darwin-x64": ["@biomejs/cli-darwin-x64@2.5.1", "", { "os": "darwin", "cpu": "x64" }, "sha512-RgwTqPAM8g2tn1j+b5oRjF/DbSBX8a4gwojtuG9XuhfK7GgomvZ9+T+tqjXiVbjLEeGJOoL6VEk8mvRTVeSybw=="],

    "@biomejs/cli-linux-arm64": ["@biomejs/cli-linux-arm64@2.5.1", "", { "os": "linux", "cpu": "arm64" }, "sha512-yhV35CzZh38VyMvTEXi3JTjxZBs++oCKK9KG8vB6VI5+uvQvZNR3BFWEKKzuOmx9DJJj7sQpZ4LQJcmbGTs3+Q=="],

    "@biomejs/cli-linux-arm64-musl": ["@biomejs/cli-linux-arm64-musl@2.5.1", "", { "os": "linux", "cpu": "arm64" }, "sha512-WMcvMLgByyTqVxGlq918NBBYliq9FRR9GAQVETHb+VjGVqXCZFfHlZHC1FX4ibuYY/Hg6TJE3rHU0xVrdJXNRw=="],

    "@biomejs/cli-linux-x64": ["@biomejs/cli-linux-x64@2.5.1", "", { "os": "linux", "cpu": "x64" }, "sha512-J/7uHSX7NfoYDI7HijAkd8lnQIOrRb2W7j3X+tw4R+N5ExvXGsyXFiGdQcfcxfOmNQmZVSQOCDk757fwpzqQcg=="],

    "@biomejs/cli-linux-x64-musl": ["@biomejs/cli-linux-x64-musl@2.5.1", "", { "os": "linux", "cpu": "x64" }, "sha512-ANTowtlLmPYm5yeMckWY8Xzb9Ix+JJP3tgHR/n6xRj1VWyIzzWtfRfih9hv9VmClwadpBvZduISZIbBsIlYG3A=="],

    "@biomejs/cli-win32-arm64": ["@biomejs/cli-win32-arm64@2.5.1", "", { "os": "win32", "cpu": "arm64" }, "sha512-zgXnKNgWPC4iPF7Y1lR3STUeCUuZRpD6IiOrC7TZTlh0Lx6FiVUT05myuMQHQ9D+1cc7uyMldi4forE6lp0ivQ=="],

    "@biomejs/cli-win32-x64": ["@biomejs/cli-win32-x64@2.5.1", "", { "os": "win32", "cpu": "x64" }, "sha512-6uxpR9hvaglANkZemeSiN/FhYgkGasrEGn267eXIWvjrjJ2LhDlk251IhjVJq6MXzkV2/bcXwLwSroLyPtqRZg=="],

    "@dprint/darwin-arm64": ["@dprint/darwin-arm64@0.54.0", "", { "os": "darwin", "cpu": "arm64" }, "sha512-yqRI4enH+BDp+4+ZsPVdZM5h873JK1lN7li9l9A5u4C4cvh1oEsiBWAzEPccRkJ2ctF8LgaizBSxO38sqEVYbw=="],

    "@dprint/darwin-x64": ["@dprint/darwin-x64@0.54.0", "", { "os": "darwin", "cpu": "x64" }, "sha512-W9BARpgHypcQwatg5mnHaCpX6pLX5dBxxiv+tZKruhOmq8MKYOrAYDXlceMuHSowmWREfUF5yL4SRgXDGI6WQw=="],

    "@dprint/linux-arm64-glibc": ["@dprint/linux-arm64-glibc@0.54.0", "", { "os": "linux", "cpu": "arm64" }, "sha512-VhM7p70VFuNqxZMdiv1e+nMboPj/hMFlTIBWrRaX7+6VThs9mJr9+94wrUeXgfnfsyaEKSbRFa/dru1PINoSNw=="],

    "@dprint/linux-arm64-musl": ["@dprint/linux-arm64-musl@0.54.0", "", { "os": "linux", "cpu": "arm64" }, "sha512-QS1A74Lv60/L9oemHCzbHgOLbV2smSJG5IxS5fjf8ZWetyUt918WDzIHBilz/+uiB+OlW2UVTsm952UG0YOrLw=="],

    "@dprint/linux-loong64-glibc": ["@dprint/linux-loong64-glibc@0.54.0", "", { "os": "linux", "cpu": "none" }, "sha512-8Myka2/0KbhuZnEKL6jagPXTgDKVpd/tfXDRa0oibUBgaqOSku6iRMzHGa/PhqHL+s14Gcp+/cIHz0zU3Tkgug=="],

    "@dprint/linux-loong64-musl": ["@dprint/linux-loong64-musl@0.54.0", "", { "os": "linux", "cpu": "none" }, "sha512-/AN3xCuMhC4PK7Pbj7/4zBuhFGr4m0OHV/5uGTfzpkKX/3+AXoyKl7PbT2VlNMGXAK0kuRThfjtx23gIwlWk7Q=="],

    "@dprint/linux-riscv64-glibc": ["@dprint/linux-riscv64-glibc@0.54.0", "", { "os": "linux", "cpu": "none" }, "sha512-Aw2vXzzwFDpPbXh6ajsSabVCkCc66C3hCyMKprR/IxYvFtjYX80nh1ox0c7iaw6c4HacHMRLGw7FUSXvomPaEQ=="],

    "@dprint/linux-x64-glibc": ["@dprint/linux-x64-glibc@0.54.0", "", { "os": "linux", "cpu": "x64" }, "sha512-zZqj3wQELOX8n6QfT2uuWoMf64Wv0lMXNyam3btm+PKkg0P6a54TPL09Bs9XsViOdxgTcamsiQ7HlErt/LEjIA=="],

    "@dprint/linux-x64-musl": ["@dprint/linux-x64-musl@0.54.0", "", { "os": "linux", "cpu": "x64" }, "sha512-it6Qdt06dyW2adbAXpOCb7/KQLxlm4i1UphUAWqWsZk4t3EYetyAza9J0g3Vu9itIWSEIo9MnccgANckQJ6+qw=="],

    "@dprint/win32-arm64": ["@dprint/win32-arm64@0.54.0", "", { "os": "win32", "cpu": "arm64" }, "sha512-F5kjV/6I9YtNOTDWHUpTqM2HHHS510BPL7z4NJuU0nDnaVeks7GwNEltGr56CcsG8XQYhkiAsqZytPu6AhA2hQ=="],

    "@dprint/win32-x64": ["@dprint/win32-x64@0.54.0", "", { "os": "win32", "cpu": "x64" }, "sha512-AAr2ye/DtgYXDplRoPS+5U++x7T6W4a3I9FvTFWFxziFmUptvAg5G2c4FcXoAduSruhYZJvjDZrLseR2c3IwXg=="],

    "@isaacs/fs-minipass": ["@isaacs/fs-minipass@4.0.1", "", { "dependencies": { "minipass": "^7.0.4" } }, "sha512-wgm9Ehl2jpeqP3zw/7mo3kRHFp5MEDhqAdwy1fTGkHAwnkGOVsgpvQhL8B5n1qlb01jV3n/bI0ZfZp5lWA1k4w=="],

    "@runner-run/darwin-arm64": ["@runner-run/darwin-arm64@0.14.1", "", { "os": "darwin", "cpu": "arm64", "bin": { "runner": "bin/runner", "run": "bin/run" } }, "sha512-5Hd0EEX6FP37QIZL7ynKE3Ljcx6asINNWKJSbUWR+P1xPQ+k0VvFh23wSknknaf6de8B+eiKOqajrdt6rJ+LIQ=="],

    "@runner-run/darwin-x64": ["@runner-run/darwin-x64@0.14.1", "", { "os": "darwin", "cpu": "x64", "bin": { "runner": "bin/runner", "run": "bin/run" } }, "sha512-nUiAp9Af1FE9IyKREIpozU1X0ISLJhPDoraS1VW5AGZJVazF/FEZ49k8ssv9Aem3VhviMLRX7PTvtrEH9Kn1vA=="],

    "@runner-run/freebsd-arm64": ["@runner-run/freebsd-arm64@0.14.1", "", { "os": "freebsd", "cpu": "arm64", "bin": { "runner": "bin/runner", "run": "bin/run" } }, "sha512-YneU9hLNz2K1IlKelwD1ypfUb638q2ZMBAaN9X17UO2d54O9uLlXPgcQwy/Tvzov9jB8CV9c2rAA26snypcyFA=="],

    "@runner-run/freebsd-x64": ["@runner-run/freebsd-x64@0.14.1", "", { "os": "freebsd", "cpu": "x64", "bin": { "runner": "bin/runner", "run": "bin/run" } }, "sha512-O9yseSD+8xyn3HVLhEc4FcaZQuKngJv8jQgI6qQq8Ty1RibbbjRuDV8H7PRmfmjnJ74VF5szQX6o6pKy9DxHpg=="],

    "@runner-run/linux-arm64-gnu": ["@runner-run/linux-arm64-gnu@0.14.1", "", { "os": "linux", "cpu": "arm64", "bin": { "runner": "bin/runner", "run": "bin/run" } }, "sha512-9TyLLWdiGSATh7WElyqLSwff3ZWzZA0eTxy1r2bkbTVGkG09xNZEvQ0dHfbRNHrLrHLvh1IWAxTz9Zuo9wxhNw=="],

    "@runner-run/linux-arm64-musl": ["@runner-run/linux-arm64-musl@0.14.1", "", { "os": "linux", "cpu": "arm64", "bin": { "runner": "bin/runner", "run": "bin/run" } }, "sha512-rTWDYlHBZhpSsU+LXubS+dLfDweMUHWrsz34SMG21Lj8wIs1c6UxBAqO3IbmvW3uIxHD4jAa0fgxNEyXU6kVQA=="],

    "@runner-run/linux-armv7-gnueabihf": ["@runner-run/linux-armv7-gnueabihf@0.14.1", "", { "os": "linux", "cpu": "arm", "bin": { "runner": "bin/runner", "run": "bin/run" } }, "sha512-NRvWQvzF+Yi0nF33ZKvkZcWk8+mReWct9PzKMJGYda3cYH+kf/mxfNEgU/29+LUvx3bZqQB3HF/VoYN9gxkuIQ=="],

    "@runner-run/linux-x64-gnu": ["@runner-run/linux-x64-gnu@0.14.1", "", { "os": "linux", "cpu": "x64", "bin": { "runner": "bin/runner", "run": "bin/run" } }, "sha512-Vg40LSugVnfIlrbJeJkA2yoeB750PpigVLwiDTGwNotkBsC+mM9pKFtCmRy207FQtHUZ7lP1hKc8gewp8B8v6A=="],

    "@runner-run/linux-x64-musl": ["@runner-run/linux-x64-musl@0.14.1", "", { "os": "linux", "cpu": "x64", "bin": { "runner": "bin/runner", "run": "bin/run" } }, "sha512-/eHKbaNKrDNA5yQjz3E9hHdQSh/dku4Yjn7rJfwLNj58L1IJborJa+9Ge7kgj2bFA4WQHgqaHXoosEfGy+IE9w=="],

    "@runner-run/netbsd-x64": ["@runner-run/netbsd-x64@0.14.1", "", { "os": "none", "cpu": "x64", "bin": { "runner": "bin/runner", "run": "bin/run" } }, "sha512-QECsVB3tSXtrBSmI6IThwwrwqh+NVDcqqrMKmHSC9EJ1BHo/EiuVmZP4kp8HrFyPo67lYnLS6RAPxbY2s6TFJg=="],

    "@runner-run/win32-arm64-msvc": ["@runner-run/win32-arm64-msvc@0.14.1", "", { "os": "win32", "cpu": "arm64", "bin": { "runner.exe": "bin/runner.exe", "run.exe": "bin/run.exe" } }, "sha512-Nt9+PU57S59bqV5vdLUJWq6d9vcu6/NvOq8MK9ZC5V2YLftrxsl7Xg6lejtL7XLeGERDM1Wg6tuaL6BatIeJdg=="],

    "@runner-run/win32-ia32-msvc": ["@runner-run/win32-ia32-msvc@0.14.1", "", { "os": "win32", "cpu": "ia32", "bin": { "runner.exe": "bin/runner.exe", "run.exe": "bin/run.exe" } }, "sha512-u9vBSmR6xaiI7kMe1j2ocnieqdAFyMefjExwgaKkc6dXmiVckJYV66wPoU1tFfm/UzVheMrnZHh8m8a+Q6ekLg=="],

    "@runner-run/win32-x64-msvc": ["@runner-run/win32-x64-msvc@0.14.1", "", { "os": "win32", "cpu": "x64", "bin": { "runner.exe": "bin/runner.exe", "run.exe": "bin/run.exe" } }, "sha512-ZjAyvgBSqOLmgM7bcBSkx5Fc4Ucff55Nd8k0KOmIzsP3zdRqnjvn5yCDGcXdVqAxxSYsn/OG+FILxrSVI8/AJw=="],

    "@types/bun": ["@types/bun@1.3.14", "", { "dependencies": { "bun-types": "1.3.14" } }, "sha512-h1hFqFVcvAvD9j9K7ZW7vd82aSA+rTdznZa+5bwvCwqSB1jmmfLcbIWhOLx1/+boy/xmjgCs/OMUL8hRJSmnPw=="],

    "@types/deno": ["@types/deno@2.7.0", "", {}, "sha512-Y6fWcV8KpYeO3Lik/RiYnUxtr/LWqoeACciU0CA+dr1U/45tGgaX3HWQQAPCNN53raN4Rr4Fht4y6qsUH57fDA=="],

    "@types/node": ["@types/node@26.0.1", "", { "dependencies": { "undici-types": "~8.3.0" } }, "sha512-fc3KiUoBt6kie0N9bIW3E47vZsuaMf0PM2AaUpLCLT0s/LvX1nxAim6Fc049cNxODPpGm6qRAuUOB86SkRuPQw=="],

    "abbrev": ["abbrev@5.0.0", "", {}, "sha512-/XrFJgzQQQHpti1raDJC6m4ws6aNktmjBlhk8Fdlk7LwCEuDoieEJJY9OFHjfiFJFFRM2tK+Ky/IsfbbmlMu1w=="],

    "base64-js": ["base64-js@1.5.1", "", {}, "sha512-AKpaYlHn8t4SVbOHCy+b5+KKgvR4vrsD8vbvrbiQJps7fKDTkjkDry6ji0rUJjC0kzbNePLwzxq8iypo41qeWA=="],

    "bl": ["bl@4.1.0", "", { "dependencies": { "buffer": "^5.5.0", "inherits": "^2.0.4", "readable-stream": "^3.4.0" } }, "sha512-1W07cM9gS6DcLperZfFSj+bWLtaPGSOHWhPiGzXmvVJbRLdG82sH/Kn8EtW1VqWVA54AKf2h5k5BbnIbwF3h6w=="],

    "buffer": ["buffer@5.7.1", "", { "dependencies": { "base64-js": "^1.3.1", "ieee754": "^1.1.13" } }, "sha512-EHcyIPBQ4BSGlvjB16k5KgAJ27CIsHY/2JBmCRReo48y9rQ3MaUzWX3KVlBa4U7MyX02HdVj0K7C3WaB3ju7FQ=="],

    "bun-types": ["bun-types@1.3.14", "", { "dependencies": { "@types/node": "*" } }, "sha512-4N0ig0fEomHt5R0KCFWjovxow98rIoRwKolrYdCcknNwMekCXRnWEUvgu5soYV8QXtVsrUD8B95MBOZGPvr6KQ=="],

    "chownr": ["chownr@3.0.0", "", {}, "sha512-+IxzY9BZOQd/XuYPRmrvEVjF/nqj5kgT4kEq7VofrDoM1MxoRjEWkrCC3EtLi59TVawxTAn+orJwFQcrqEN1+g=="],

    "dprint": ["dprint@0.54.0", "", { "optionalDependencies": { "@dprint/darwin-arm64": "0.54.0", "@dprint/darwin-x64": "0.54.0", "@dprint/linux-arm64-glibc": "0.54.0", "@dprint/linux-arm64-musl": "0.54.0", "@dprint/linux-loong64-glibc": "0.54.0", "@dprint/linux-loong64-musl": "0.54.0", "@dprint/linux-riscv64-glibc": "0.54.0", "@dprint/linux-x64-glibc": "0.54.0", "@dprint/linux-x64-musl": "0.54.0", "@dprint/win32-arm64": "0.54.0", "@dprint/win32-x64": "0.54.0" }, "bin": { "dprint": "bin.cjs" } }, "sha512-sIy25poR2gRP/tWPTgP0MPeJoJcpv0xzYDcsboapvthbEt1Qw3Al252CA0xFyIh2cYEGGKyBJtKokryv4ERlJw=="],

    "end-of-stream": ["end-of-stream@1.4.5", "", { "dependencies": { "once": "^1.4.0" } }, "sha512-ooEGc6HP26xXq/N+GCGOT0JKCLDGrq2bQUZrQ7gyrJiZANJ/8YDTxTpQBXGMn+WbIQXNVpyWymm7KYVICQnyOg=="],

    "env-paths": ["env-paths@2.2.1", "", {}, "sha512-+h1lkLKhZMTYjog1VEpJNG7NZJWcuc2DDk/qsqSTRRCOXiLjeQ1d1/udrUGhqMxUgAlwKNZ0cf2uqan5GLuS2A=="],

    "exponential-backoff": ["exponential-backoff@3.1.3", "", {}, "sha512-ZgEeZXj30q+I0EN+CbSSpIyPaJ5HVQD18Z1m+u1FXbAeT94mr1zw50q4q6jiiC447Nl/YTcIYSAftiGqetwXCA=="],

    "fdir": ["fdir@6.5.0", "", { "peerDependencies": { "picomatch": "^3 || ^4" }, "optionalPeers": ["picomatch"] }, "sha512-tIbYtZbucOs0BRGqPJkshJUYdL+SDH7dVM8gjy+ERp3WAUjLEFJE+02kanyHtwjWOnwrKYBiwAmM0p4kLJAnXg=="],

    "fs-constants": ["fs-constants@1.0.0", "", {}, "sha512-y6OAwoSIf7FyjMIv94u+b5rdheZEjzR63GTyZJm5qh4Bi+2YgwLCcI/fPFZkL5PSixOt6ZNKm+w+Hfp/Bciwow=="],

    "graceful-fs": ["graceful-fs@4.2.11", "", {}, "sha512-RbJ5/jmFcNNCcDV5o9eTnBLJ/HszWV0P73bc+Ff4nS/rJj+YaS6IGyiOL0VoBYX+l1Wrl3k63h/KrH+nhJ0XvQ=="],

    "ieee754": ["ieee754@1.2.1", "", {}, "sha512-dcyqhDvX1C46lXZcVqCpK+FtMRQVdIMN6/Df5js2zouUsqG7I6sFxitIC+7KYK29KdXOLHdu9zL4sFnoVQnqaA=="],

    "inherits": ["inherits@2.0.4", "", {}, "sha512-k/vGaX4/Yla3WzyMCvTQOXYeIHvqOKtnqBduzTHpzpQZzAskKMhZ2K+EnBiSM9zGSoIFeMpXKxa4dYeZIQqewQ=="],

    "isexe": ["isexe@4.0.0", "", {}, "sha512-FFUtZMpoZ8RqHS3XeXEmHWLA4thH+ZxCv2lOiPIn1Xc7CxrqhWzNSDzD+/chS/zbYezmiwWLdQC09JdQKmthOw=="],

    "minimist": ["minimist@1.2.8", "", {}, "sha512-2yyAR8qBkN3YuheJanUpWC5U3bb5osDywNB8RzDVlDwDHbocAJveqqj1u8+SVD7jkWT4yvsHCpWqqWqAxb0zCA=="],

    "minipass": ["minipass@7.1.3", "", {}, "sha512-tEBHqDnIoM/1rXME1zgka9g6Q2lcoCkxHLuc7ODJ5BxbP5d4c2Z5cGgtXAku59200Cx7diuHTOYfSBD8n6mm8A=="],

    "minizlib": ["minizlib@3.1.0", "", { "dependencies": { "minipass": "^7.1.2" } }, "sha512-KZxYo1BUkWD2TVFLr0MQoM8vUUigWD3LlD83a/75BqC+4qE0Hb1Vo5v1FgcfaNXvfXzr+5EhQ6ing/CaBijTlw=="],

    "mkdirp-classic": ["mkdirp-classic@0.5.3", "", {}, "sha512-gKLcREMhtuZRwRAfqP3RFW+TK4JqApVBtOIftVgjuABpAtpxhPGaDcfvbhNvD0B8iD1oUr/txX35NjcaY6Ns/A=="],

    "node-abi": ["node-abi@3.92.0", "", { "dependencies": { "semver": "^7.3.5" } }, "sha512-KdHvFWZjEKDf0cakgFjebl371GPsISX2oZHcuyKqM7DtogIsHrqKeLTo8wBHxaXRAQlY2PsPlZmfo+9ZCxEREQ=="],

    "node-addon-api": ["node-addon-api@8.8.0", "", {}, "sha512-c5Ko1fZJIJmzhFIkhRN76WTq+fC6tWnGy9CXA0fA+XygsWZmEwG8vmbkNqxMyoaa0Tin4djul49NzdVcJJcjeA=="],

    "node-gyp": ["node-gyp@13.0.0", "", { "dependencies": { "env-paths": "^2.2.0", "exponential-backoff": "^3.1.1", "graceful-fs": "^4.2.6", "nopt": "^10.0.0", "proc-log": "^7.0.0", "semver": "^7.3.5", "tar": "^7.5.4", "tinyglobby": "^0.2.12", "undici": "^6.25.0", "which": "^7.0.0" }, "bin": { "node-gyp": "bin/node-gyp.js" } }, "sha512-FYYyBDWdc+kzoyPd5PqHUgM9DGs1C/Z4jxBZAOnA2GRUVXPivKRREq5q+VVPXVr9aGVqGMaMqyFHbviy/yb7Hg=="],

    "node-gyp-build": ["node-gyp-build@4.8.4", "", { "bin": { "node-gyp-build": "bin.js", "node-gyp-build-optional": "optional.js", "node-gyp-build-test": "build-test.js" } }, "sha512-LA4ZjwlnUblHVgq0oBF3Jl/6h/Nvs5fzBLwdEF4nuxnFdsfajde4WfxtJr3CaiH+F6ewcIB/q4jQ4UzPyid+CQ=="],

    "nopt": ["nopt@10.0.1", "", { "dependencies": { "abbrev": "^5.0.0" }, "bin": { "nopt": "bin/nopt.js" } }, "sha512-df3sBr/6ax9hSGuC3CspvLlbnX8cP5L5nZwXF8cGN8l0zSWR6BvzmQ6jPUKjvo6+/xdpkNvEcucBNUdBeeV13g=="],

    "npm-run-path": ["npm-run-path@3.1.0", "", { "dependencies": { "path-key": "^3.0.0" } }, "sha512-Dbl4A/VfiVGLgQv29URL9xshU8XDY1GeLy+fsaZ1AA8JDSfjvr5P5+pzRbWqRSBxk6/DW7MIh8lTM/PaGnP2kg=="],

    "once": ["once@1.4.0", "", { "dependencies": { "wrappy": "1" } }, "sha512-lNaJgI+2Q5URQBkccEKHTQOPaXdUxnZZElQTZY0MFUAuaEqe1E+Nyvgdz/aIyNi6Z9MzO5dv1H8n58/GELp3+w=="],

    "path-key": ["path-key@3.1.1", "", {}, "sha512-ojmeN0qd+y0jszEtoY48r0Peq5dwMEkIlCOu6Q5f41lfkswXuKtYrhgoTpLnyIcHm24Uhqx+5Tqm2InSwLhE6Q=="],

    "picomatch": ["picomatch@4.0.4", "", {}, "sha512-QP88BAKvMam/3NxH6vj2o21R6MjxZUAd6nlwAS/pnGvN9IVLocLHxGYIzFhg6fUQ+5th6P4dv4eW9jX3DSIj7A=="],

    "prebuildify": ["prebuildify@6.0.1", "", { "dependencies": { "minimist": "^1.2.5", "mkdirp-classic": "^0.5.3", "node-abi": "^3.3.0", "npm-run-path": "^3.1.0", "pump": "^3.0.0", "tar-fs": "^2.1.0" }, "bin": { "prebuildify": "bin.js" } }, "sha512-8Y2oOOateom/s8dNBsGIcnm6AxPmLH4/nanQzL5lQMU+sC0CMhzARZHizwr36pUPLdvBnOkCNQzxg4djuFSgIw=="],

    "proc-log": ["proc-log@7.0.0", "", {}, "sha512-FYgfaA69XZ93zaXLoMNQ+ViDXGGBgR8aLh03txzcFhV+9xOXx7+8DLCULrKKpR9+GsH9ZfHm82aSUPpozX0Ztg=="],

    "pump": ["pump@3.0.4", "", { "dependencies": { "end-of-stream": "^1.1.0", "once": "^1.3.1" } }, "sha512-VS7sjc6KR7e1ukRFhQSY5LM2uBWAUPiOPa/A3mkKmiMwSmRFUITt0xuj+/lesgnCv+dPIEYlkzrcyXgquIHMcA=="],

    "readable-stream": ["readable-stream@3.6.2", "", { "dependencies": { "inherits": "^2.0.3", "string_decoder": "^1.1.1", "util-deprecate": "^1.0.1" } }, "sha512-9u/sniCrY3D5WdsERHzHE4G2YCXqoG5FTHUiCC4SIbr6XcLZBY05ya9EKjYek9O5xOAwjGq+1JdGBAS7Q9ScoA=="],

    "runner-run": ["runner-run@0.14.1", "", { "optionalDependencies": { "@runner-run/darwin-arm64": "0.14.1", "@runner-run/darwin-x64": "0.14.1", "@runner-run/freebsd-arm64": "0.14.1", "@runner-run/freebsd-x64": "0.14.1", "@runner-run/linux-arm64-gnu": "0.14.1", "@runner-run/linux-arm64-musl": "0.14.1", "@runner-run/linux-armv7-gnueabihf": "0.14.1", "@runner-run/linux-x64-gnu": "0.14.1", "@runner-run/linux-x64-musl": "0.14.1", "@runner-run/netbsd-x64": "0.14.1", "@runner-run/win32-arm64-msvc": "0.14.1", "@runner-run/win32-ia32-msvc": "0.14.1", "@runner-run/win32-x64-msvc": "0.14.1" }, "bin": { "run": "bin/run.cjs", "runner": "bin/runner.cjs" } }, "sha512-7nj2BT2Cr7dFeBoaPvnhwG+0NiJ4chP6eYc1EhA7BkGk4VUVfSGXoSpLYfRCCeFrAw08TecIhcWr5DsTgpv18w=="],

    "safe-buffer": ["safe-buffer@5.2.1", "", {}, "sha512-rp3So07KcdmmKbGvgaNxQSJr7bGVSVk5S9Eq1F+ppbRo70+YeaDxkw5Dd8NPN+GD6bjnYm2VuPuCXmpuYvmCXQ=="],

    "scripts": ["scripts@workspace:scripts"],

    "semver": ["semver@7.8.5", "", { "bin": { "semver": "bin/semver.js" } }, "sha512-Y7/KDsb8LjooZpwaqGyulO6DQlksgCncchHGk+sZIY4SBvUocMBEFH5Ur1fI4dV+Jvl0w6cjvucaIi40puRioA=="],

    "string_decoder": ["string_decoder@1.3.0", "", { "dependencies": { "safe-buffer": "~5.2.0" } }, "sha512-hkRX8U1WjJFd8LsDJ2yQ/wWWxaopEsABU1XfkM8A+j0+85JAGppt16cr1Whg6KIbb4okU6Mql6BOj+uup/wKeA=="],

    "tar": ["tar@7.5.16", "", { "dependencies": { "@isaacs/fs-minipass": "^4.0.0", "chownr": "^3.0.0", "minipass": "^7.1.2", "minizlib": "^3.1.0", "yallist": "^5.0.0" } }, "sha512-56adEpPMouktRlBLXiaYFFzZ/3+JXa8P9n7WbR+ibIjtviN55mEaOkiysCnPnWm+7kkui1Dn8J9l+g6zV8731w=="],

    "tar-fs": ["tar-fs@2.1.4", "", { "dependencies": { "chownr": "^1.1.1", "mkdirp-classic": "^0.5.2", "pump": "^3.0.0", "tar-stream": "^2.1.4" } }, "sha512-mDAjwmZdh7LTT6pNleZ05Yt65HC3E+NiQzl672vQG38jIrehtJk/J3mNwIg+vShQPcLF/LV7CMnDW6vjj6sfYQ=="],

    "tar-stream": ["tar-stream@2.2.0", "", { "dependencies": { "bl": "^4.0.3", "end-of-stream": "^1.4.1", "fs-constants": "^1.0.0", "inherits": "^2.0.3", "readable-stream": "^3.1.1" } }, "sha512-ujeqbceABgwMZxEJnk2HDY2DlnUZ+9oEcb1KzTVfYHio0UE6dG71n60d8D2I4qNvleWrrXpmjpt7vZeF1LnMZQ=="],

    "tinyglobby": ["tinyglobby@0.2.17", "", { "dependencies": { "fdir": "^6.5.0", "picomatch": "^4.0.4" } }, "sha512-wXR/dYpcqKmfWpEdZjiKJOwCNFndD0DMnrW/cYjVGttEkBfVgcLFHoNrlj47mjOVic9yyNu65alsgF4NQyTa2g=="],

    "tree-sitter": ["tree-sitter@0.25.0", "", { "dependencies": { "node-addon-api": "^8.3.0", "node-gyp-build": "^4.8.4" } }, "sha512-PGZZzFW63eElZJDe/b/R/LbsjDDYJa5UEjLZJB59RQsMX+fo0j54fqBPn1MGKav/QNa0JR0zBiVaikYDWCj5KQ=="],

    "tree-sitter-cli": ["tree-sitter-cli@0.26.9", "", { "bin": { "tree-sitter": "cli.js" } }, "sha512-7l+U1RmazPVe+yA/JiX80GFOILnL/j24GbawamIzNQC8UlINrcyECbaWGaG1wuq4j/m0DQTx7Uu4r0iW9Ao1BQ=="],

    "tree-sitter-svg": ["tree-sitter-svg@workspace:grammars/tree-sitter-svg"],

    "tree-sitter-svg-paint": ["tree-sitter-svg-paint@workspace:grammars/tree-sitter-svg-paint"],

    "tree-sitter-svg-path": ["tree-sitter-svg-path@workspace:grammars/tree-sitter-svg-path"],

    "tree-sitter-svg-transform": ["tree-sitter-svg-transform@workspace:grammars/tree-sitter-svg-transform"],

    "typescript": ["typescript@6.0.3", "", { "bin": { "tsc": "bin/tsc", "tsserver": "bin/tsserver" } }, "sha512-y2TvuxSZPDyQakkFRPZHKFm+KKVqIisdg9/CZwm9ftvKXLP8NRWj38/ODjNbr43SsoXqNuAisEf1GdCxqWcdBw=="],

    "undici": ["undici@6.27.0", "", {}, "sha512-YmfV3YnEDzXRC5lZ2jWtWWHKGUm1zIt8AhesR1tens+HTNv+YZlN/dp6G727LOvMJ8xjP9Be7Y2Sdr96LDm+pg=="],

    "undici-types": ["undici-types@8.3.0", "", {}, "sha512-j375ScV60dom+YkPFIfTLcOiPxkN/buHz5GobjLhixFuANaNs3C9l4GmrWqejgXWJ7BbJcFYpTEUkS1Ge8bpZQ=="],

    "util-deprecate": ["util-deprecate@1.0.2", "", {}, "sha512-EPD5q1uXyFxJpCrLnCc1nHnq3gOa6DZBocAIiI2TaSCA7VCJ1UJDMagCzIkXNsUYfD1daK//LTEQ8xiIbrHtcw=="],

    "which": ["which@7.0.0", "", { "dependencies": { "isexe": "^4.0.0" }, "bin": { "node-which": "bin/which.js" } }, "sha512-RancgH2dmbLdHl6LRhEqvklWMgl/Hdnun0Y90KhBOLkMefg8Qa7/Zel8Sm+8HEcP6DEjzsWzpkuBQEZok58isA=="],

    "wrappy": ["wrappy@1.0.2", "", {}, "sha512-l4Sp/DRseor9wL6EvV2+TuQn63dMkPjZ/sp9XkghTEbV9KlPS1xUsZ3u7/IQO4wxtcFB4bgpQPRcR3QCvezPcQ=="],

    "yallist": ["yallist@5.0.0", "", {}, "sha512-YgvUTfwqyc7UXVMrB+SImsVYSmTS8X/tSrtdNZMImM+n7+QTriRXyXim0mBrTXNeqzVF0KWGgHPeiyViFFrNDw=="],

    "tar-fs/chownr": ["chownr@1.1.4", "", {}, "sha512-jJ0bqzaylmJtVnNgzTeSOs8DPavpbYgEr/b0YL8/2GO3xJEhInFmhKMUnEJQjZumK7KXGFhUy89PrsJWlakBVg=="],
  }
}
