{
  "version": "5",
  "specifiers": {
    "jsr:@std/assert@1": "1.0.19",
    "jsr:@std/cli@^1.0.30": "1.0.30",
    "jsr:@std/encoding@^1.0.10": "1.0.10",
    "jsr:@std/fmt@^1.0.10": "1.0.10",
    "jsr:@std/fs@^1.0.24": "1.0.24",
    "jsr:@std/html@1": "1.0.7",
    "jsr:@std/html@^1.0.7": "1.0.7",
    "jsr:@std/http@1": "1.1.1",
    "jsr:@std/internal@^1.0.12": "1.0.14",
    "jsr:@std/internal@^1.0.14": "1.0.14",
    "jsr:@std/media-types@1": "1.1.0",
    "jsr:@std/media-types@^1.1.0": "1.1.0",
    "jsr:@std/net@^1.0.6": "1.0.6",
    "jsr:@std/path@1": "1.1.5",
    "jsr:@std/path@^1.1.5": "1.1.5",
    "jsr:@std/streams@^1.1.1": "1.1.1",
    "npm:@mdn/browser-compat-data@7.3.11": "7.3.11",
    "npm:bun-types@^1.3.14": "1.3.14",
    "npm:web-features@3.23.0": "3.23.0"
  },
  "jsr": {
    "@std/assert@1.0.19": {
      "integrity": "eaada96ee120cb980bc47e040f82814d786fe8162ecc53c91d8df60b8755991e",
      "dependencies": [
        "jsr:@std/internal@^1.0.12"
      ]
    },
    "@std/cli@1.0.30": {
      "integrity": "769446536522d0417d7127ebcabcafac1ab0ce6766d0eb3fca1d36326fe98d13"
    },
    "@std/encoding@1.0.10": {
      "integrity": "8783c6384a2d13abd5e9e87a7ae0520a30e9f56aeeaa3bdf910a3eaaf5c811a1"
    },
    "@std/fmt@1.0.10": {
      "integrity": "90dfba288802ac6de82fb31d0917eb9e4450b9925b954d5e51fc29ac07419db5"
    },
    "@std/fs@1.0.24": {
      "integrity": "f3061b45b81673a2bece689da041df32d174be064c89eb6397fb5718d3fb7877"
    },
    "@std/html@1.0.7": {
      "integrity": "175c818905a6e75743c69c251395e273d82698e58cfe7dd76268d70e28b8d8fe"
    },
    "@std/http@1.1.1": {
      "integrity": "e343a9a80aea07c716b91be5c79df764144430ad2dd7c9121ed7443f08dc74f7",
      "dependencies": [
        "jsr:@std/cli",
        "jsr:@std/encoding",
        "jsr:@std/fmt",
        "jsr:@std/fs",
        "jsr:@std/html@^1.0.7",
        "jsr:@std/media-types@^1.1.0",
        "jsr:@std/net",
        "jsr:@std/path@^1.1.5",
        "jsr:@std/streams"
      ]
    },
    "@std/internal@1.0.14": {
      "integrity": "291516b3d4c35024d6ffbc0a9df5bf4c64116e05b50012cf846710152d2ffdf7"
    },
    "@std/media-types@1.1.0": {
      "integrity": "c9d093f0c05c3512932b330e3cc1fe1d627b301db33a4c2c2185c02471d6eaa4"
    },
    "@std/net@1.0.6": {
      "integrity": "110735f93e95bb9feb95790a8b1d1bf69ec0dc74f3f97a00a76ea5efea25500c"
    },
    "@std/path@1.1.5": {
      "integrity": "ccea00982ea28c36becaf6e62f855406c76a8c32d462f66f415bbb7d83a271bc",
      "dependencies": [
        "jsr:@std/internal@^1.0.14"
      ]
    },
    "@std/streams@1.1.1": {
      "integrity": "92556d350e537e9dce527a6d08f6f15be3ff65e656079dea69d15252187c7613"
    }
  },
  "npm": {
    "@mdn/browser-compat-data@7.3.11": {
      "integrity": "sha512-dcoGPedMVTuwCGuWcG7fdkykT07HfvoqiMTe5mq2gxWhgqJT+tu4jJBGU7u9eaUFQ6U6Vaqk5dSusa9YVI3KkQ=="
    },
    "@types/node@25.6.0": {
      "integrity": "sha512-+qIYRKdNYJwY3vRCZMdJbPLJAtGjQBudzZzdzwQYkEPQd+PJGixUL5QfvCLDaULoLv+RhT3LDkwEfKaAkgSmNQ==",
      "dependencies": [
        "undici-types"
      ]
    },
    "bun-types@1.3.14": {
      "integrity": "sha512-4N0ig0fEomHt5R0KCFWjovxow98rIoRwKolrYdCcknNwMekCXRnWEUvgu5soYV8QXtVsrUD8B95MBOZGPvr6KQ==",
      "dependencies": [
        "@types/node"
      ]
    },
    "undici-types@7.19.2": {
      "integrity": "sha512-qYVnV5OEm2AW8cJMCpdV20CDyaN3g0AjDlOGf1OW4iaDEx8MwdtChUp4zu4H0VP3nDRF/8RKWH+IPp9uW0YGZg=="
    },
    "web-features@3.23.0": {
      "integrity": "sha512-StLwngU3vc0DKGgwO+j7mQz1FhxaLPC1vR7v8zBsHgmqWIOqfE1+KMaD6GPMNhfnrpIyasKc9oNSLBIMlHpkww=="
    }
  },
  "redirects": {
    "https://esm.sh/jsr/@kjanat/dreamcli": "https://esm.sh/jsr/@kjanat/dreamcli@2.1.0",
    "https://esm.sh/jsr/@kjanat/dreamcli/testkit": "https://esm.sh/jsr/@kjanat/dreamcli@2.1.0/testkit",
    "https://esm.sh/preact-render-to-string@6": "https://esm.sh/preact-render-to-string@6.7.0",
    "https://esm.sh/preact@%3E=10%20||%20%3E=%2011.0.0-0?target=denonext": "https://esm.sh/preact@11.0.0-experimental.1?target=denonext"
  },
  "remote": {
    "https://esm.sh/@jsr/kjanat__dreamcli@2.1.0/denonext/kjanat__dreamcli.mjs": "080e9156356b79c3d8805cdc04538a5a9df855151d91bc2a49b2758dfc40c33f",
    "https://esm.sh/@jsr/kjanat__dreamcli@2.1.0/denonext/src/core/errors/index.mjs": "bb846b34ffb197e3d852b1e9cd54d2301f76c7003a9ef0e0f455ae01143ffcfc",
    "https://esm.sh/@jsr/kjanat__dreamcli@2.1.0/denonext/src/core/execution/index.mjs": "afa1a3f4c099aafbda5c1fc491294813177fb8ffa4b966b560fd59963026c2f7",
    "https://esm.sh/@jsr/kjanat__dreamcli@2.1.0/denonext/src/core/help/index.mjs": "3bbff808de81e57de7169a05aad1f938c31af6a890269648a85704bafb4f3d48",
    "https://esm.sh/@jsr/kjanat__dreamcli@2.1.0/denonext/src/core/output/display-value.mjs": "bf8227783128273d4789adeaa986ebd45f3b82f3381c6e841278d6835a6fcdaa",
    "https://esm.sh/@jsr/kjanat__dreamcli@2.1.0/denonext/src/core/output/index.mjs": "848cfdaff75706143a9435fbf3fef4bae93b9b2ed0bf2462a4c3f7825829827e",
    "https://esm.sh/@jsr/kjanat__dreamcli@2.1.0/denonext/src/core/output/writer.mjs": "2504e35208ab72804a959a7c9c4c1e09718e600fc37da63a0349d13a2bda421f",
    "https://esm.sh/@jsr/kjanat__dreamcli@2.1.0/denonext/src/core/parse/index.mjs": "9cbe8971bd8c484cd04539bcfbe7dddaa8f6d0e5f6109dbda9a8b5f6fa8c686c",
    "https://esm.sh/@jsr/kjanat__dreamcli@2.1.0/denonext/src/core/prompt/index.mjs": "3b96e77d31e1077894e29070906d5f809996ec91ea8798e590fe33b4a9b25f8c",
    "https://esm.sh/@jsr/kjanat__dreamcli@2.1.0/denonext/src/core/resolve/index.mjs": "f8c1192c6dfe27d2f234aa8255d27a60cc982beb03ca2b8ca0870856dc7e6423",
    "https://esm.sh/@jsr/kjanat__dreamcli@2.1.0/denonext/src/core/schema/flag.mjs": "743cef9740802498fab1f9d8db0f174373b5f506835f11788ec8d431082537a9",
    "https://esm.sh/@jsr/kjanat__dreamcli@2.1.0/denonext/src/core/testkit/index.mjs": "822bccb5d4a4a30fd88c7946e8a993af65ebe13ee27a08d11c54b78f29cc09da",
    "https://esm.sh/@jsr/kjanat__dreamcli@2.1.0/denonext/src/runtime/auto.mjs": "d48685206d1653169469ecd247642eff3abe6bbdbe6135e1d7229ecc6a06f1d6",
    "https://esm.sh/@jsr/kjanat__dreamcli@2.1.0/denonext/src/runtime/bun.mjs": "ebd534c17a267ef43866bc076e81df13eeba390f6169cf848bd9ab88eefeb0d8",
    "https://esm.sh/@jsr/kjanat__dreamcli@2.1.0/denonext/src/runtime/deno.mjs": "50683190b605e652bcc81338819c0f28c61fb731026a048ccca25e07dc6bc339",
    "https://esm.sh/@jsr/kjanat__dreamcli@2.1.0/denonext/src/runtime/detect.mjs": "7157f8c723657a60c7bf6a5f1ff9dab5575def011f949685bfcdb518693977fc",
    "https://esm.sh/@jsr/kjanat__dreamcli@2.1.0/denonext/src/runtime/index.mjs": "b6795ae3370ad848efe790417a0795ed7084a82282e4d4c5b1fb122b11d5e977",
    "https://esm.sh/@jsr/kjanat__dreamcli@2.1.0/denonext/src/runtime/node.mjs": "e595ac0c449689f462272fa46c95d4acfb92ec655ee7ebcdd872493906fca346",
    "https://esm.sh/@jsr/kjanat__dreamcli@2.1.0/denonext/src/runtime/paths.mjs": "64adf535a6bb4d9cd972a399a1ed2e4b0254e669f8d7d6f55f5ece4400d0dfa9",
    "https://esm.sh/@jsr/kjanat__dreamcli@2.1.0/denonext/src/runtime/support.mjs": "1eeff80a3638eac9cf80365c063f59b04c05270fc232d5ba103df86be31d6654",
    "https://esm.sh/@jsr/kjanat__dreamcli@2.1.0/denonext/testkit.mjs": "ab960b13bbe08d17a2044a9cac9ac7fd8b7e899c7b3abd7ccdb751b3fe7c5bd9",
    "https://esm.sh/jsr/@kjanat/dreamcli@2.1.0": "9a4e1caedc5a9f018532970e78bd966240a3a4dfc178f8f8dbb3c0072308094c",
    "https://esm.sh/jsr/@kjanat/dreamcli@2.1.0/testkit": "335073653de09cb720fe1181e3b1b9b8dbbe7d07f9680f534490a68912701f01",
    "https://esm.sh/preact-render-to-string@6.7.0": "da586b753aa86799783930b5741521f8debb618f93491fa0feaa78915bceca0e",
    "https://esm.sh/preact-render-to-string@6.7.0/denonext/preact-render-to-string.mjs": "f37de7ec0e42bf24c7361312354849f22ed4403e04d488931138d7066ae5d708",
    "https://esm.sh/preact@10.23.1": "b378ca5a64c3a8ede102d15fb122c33a1dd212092d16a7cc1181116e1b006024",
    "https://esm.sh/preact@10.23.1/compat": "02f6093eb259891b41ee4d7a94efd629f5efdd15e1314069897717151d070c29",
    "https://esm.sh/preact@10.23.1/denonext/compat.mjs": "6c7911cc716541b71fefb50568eaf6e19e6c51fa73eca3e14541ef86adf9a9b6",
    "https://esm.sh/preact@10.23.1/denonext/hooks.mjs": "5474aa5b2ac8c9dc566086edb7997db970f32d31e334e670acdac72feeee54f0",
    "https://esm.sh/preact@10.23.1/denonext/jsx-runtime.mjs": "7e77cc2ac6b965d6c4468d3e075bf740199741ddc7fd5580ac0da588e6862756",
    "https://esm.sh/preact@10.23.1/denonext/preact.mjs": "4fe1d081cd3a11a7f9afecfaeb177a8c0408adebac8341fc8c142782c5a77496",
    "https://esm.sh/preact@10.23.1/jsx-runtime": "7b82d057c8dd196e140bd915e92747f383f47d8ef1b46b8ca9b49d011e2ee4f3",
    "https://esm.sh/preact@11.0.0-experimental.1/denonext/preact.mjs": "1bf5b1144bcabad34fca733c8a57bc967d76cd413f4fc6da4e8301bf15032323",
    "https://esm.sh/preact@11.0.0-experimental.1?target=denonext": "910ec75361dc8b73a3bc91818690e57b684f13f0d823bb23705877740b3404df",
    "https://esm.sh/web-features@3.23.0": "6a84e734dda9cf2d9ae8b6199c2b4db58e5cb498177da619cc9bf45a267a49f0",
    "https://esm.sh/web-features@3.23.0/denonext/web-features.mjs": "77e96b981fae7c30cf5d885fd0a7534d755751c501b3efd16bf77a62193823ee"
  },
  "workspace": {
    "dependencies": [
      "jsr:@std/assert@1",
      "jsr:@std/html@1",
      "jsr:@std/http@1",
      "jsr:@std/media-types@1",
      "jsr:@std/path@1",
      "npm:@mdn/browser-compat-data@7.3.11",
      "npm:bun-types@^1.3.14",
      "npm:web-features@3.23.0"
    ]
  }
}
